
Microsoft Visual Studio Solution File, Format Version 12.00
# Visual Studio Version 16
VisualStudioVersion = 16.0.29613.14
MinimumVisualStudioVersion = 10.0.40219.1
Project("{FAE04EC0-301F-11D3-BF4B-00C04F79EFBC}") = "Fitnesspro", "Fitnesspro\Fitnesspro.csproj", "{624300CC-E312-4D76-9FE6-FC2535444633}"
EndProject
Global
	GlobalSection(SolutionConfigurationPlatforms) = preSolution
		Debug|Any CPU = Debug|Any CPU
		Release|Any CPU = Release|Any CPU
	EndGlobalSection
	GlobalSection(ProjectConfigurationPlatforms) = postSolution
		{624300CC-E312-4D76-9FE6-FC2535444633}.Debug|Any CPU.ActiveCfg = Debug|Any CPU
		{624300CC-E312-4D76-9FE6-FC2535444633}.Debug|Any CPU.Build.0 = Debug|Any CPU
		{624300CC-E312-4D76-9FE6-FC2535444633}.Release|Any CPU.ActiveCfg = Release|Any CPU
		{624300CC-E312-4D76-9FE6-FC2535444633}.Release|Any CPU.Build.0 = Release|Any CPU
	EndGlobalSection
	GlobalSection(SolutionProperties) = preSolution
		HideSolutionNode = FALSE
	EndGlobalSection
	GlobalSection(ExtensibilityGlobals) = postSolution
		SolutionGuid = {72586EBA-8A8C-4275-A248-9A5D1E4D7566}
	EndGlobalSection
EndGlobal
